hash: a5a238d6d4e4d1da8630ada638f53c374e58fa86b1b1310f9ac80310107c31bf
updated: 2017-01-03T01:40:29.040588032+09:00
imports:
- name: cloud.google.com/go
  version: e0ba5081473dca0a69826693dca7f03fc0e3d086
  subpackages:
  - compute/metadata
  - internal
  - internal/optional
  - storage
- name: github.com/golang/protobuf
  version: 8ee79997227bf9b34611aee7946ae64735e6fd93
  subpackages:
  - proto
- name: github.com/googleapis/gax-go
  version: da06d194a00e19ce00d9011a13931c3f6f6887c7
- name: github.com/joho/godotenv
  version: a01a834e1654b4c9ca5b3ad05159445cc9c7ad08
- name: github.com/line/line-bot-sdk-go
  version: c6a434596b2b11dbd64a363b0bd34a5ad056c940
  subpackages:
  - linebot
  - linebot/httphandler
- name: golang.org/x/net
  version: 8fd7f25955530b92e73e9e1932a41b522b22ccd9
  subpackages:
  - context
  - context/ctxhttp
  - http2
  - http2/hpack
  - idna
  - internal/timeseries
  - lex/httplex
  - trace
- name: golang.org/x/oauth2
  version: 314dd2c0bf3ebd592ec0d20847d27e79d0dbe8dd
  subpackages:
  - google
  - internal
  - jws
  - jwt
- name: google.golang.org/api
  version: 55146ba61254fdb1c26d65ff3c04bc1611ad73fb
  subpackages:
  - calendar/v3
  - gensupport
  - googleapi
  - googleapi/internal/uritemplates
  - googleapi/transport
  - internal
  - iterator
  - option
  - storage/v1
  - transport
- name: google.golang.org/appengine
  version: 08a149cfaee099e6ce4be01c0113a78c85ee1dee
  subpackages:
  - file
  - internal
  - internal/app_identity
  - internal/base
  - internal/datastore
  - internal/log
  - internal/modules
  - internal/remote_api
  - internal/socket
  - internal/taskqueue
  - internal/urlfetch
  - log
  - socket
  - taskqueue
  - urlfetch
- name: google.golang.org/grpc
  version: c8105071640ef29fce843ed96983e864bb18eb0e
  subpackages:
  - codes
  - credentials
  - credentials/oauth
  - grpclog
  - internal
  - metadata
  - naming
  - peer
  - stats
  - tap
  - transport
testImports: []
