hash: a5a238d6d4e4d1da8630ada638f53c374e58fa86b1b1310f9ac80310107c31bf
updated: 2017-01-08T15:24:47.51706519+09:00
imports:
- name: cloud.google.com/go
  version: c96c4486674a140772b9788370fa29898577bc0c
  subpackages:
  - compute/metadata
  - internal
  - internal/optional
  - storage
- name: github.com/golang/protobuf
  version: 8ee79997227bf9b34611aee7946ae64735e6fd93
  subpackages:
  - proto
- name: github.com/googleapis/gax-go
  version: da06d194a00e19ce00d9011a13931c3f6f6887c7
- name: github.com/joho/godotenv
  version: a01a834e1654b4c9ca5b3ad05159445cc9c7ad08
- name: github.com/line/line-bot-sdk-go
  version: c6a434596b2b11dbd64a363b0bd34a5ad056c940
  subpackages:
  - linebot
  - linebot/httphandler
- name: github.com/nfnt/resize
  version: 891127d8d1b52734debe1b3c3d7e747502b6c366
- name: golang.org/x/net
  version: b7883d29650d340156352196ef5e434db117757b
  subpackages:
  - context
  - context/ctxhttp
  - http2
  - http2/hpack
  - idna
  - internal/timeseries
  - lex/httplex
  - trace
- name: golang.org/x/oauth2
  version: 314dd2c0bf3ebd592ec0d20847d27e79d0dbe8dd
  subpackages:
  - google
  - internal
  - jws
  - jwt
- name: golang.org/x/text
  version: 44f4f658a783b0cee41fe0a23b8fc91d9c120558
  subpackages:
  - secure/bidirule
  - transform
  - unicode/bidi
  - unicode/norm
- name: google.golang.org/api
  version: 025e50fdada431a9bc9ef7f06b4d504cd26bfa11
  subpackages:
  - calendar/v3
  - gensupport
  - googleapi
  - googleapi/internal/uritemplates
  - googleapi/transport
  - internal
  - iterator
  - option
  - storage/v1
  - transport
- name: google.golang.org/appengine
  version: 8758a385849434ba5eac8aeedcf5192c5a0f5f10
  subpackages:
  - file
  - internal
  - internal/app_identity
  - internal/base
  - internal/datastore
  - internal/log
  - internal/modules
  - internal/remote_api
  - internal/socket
  - internal/taskqueue
  - internal/urlfetch
  - log
  - socket
  - taskqueue
  - urlfetch
- name: google.golang.org/grpc
  version: 85497e2c516cd289bce5551b840ee27c2a0d6878
  subpackages:
  - codes
  - credentials
  - credentials/oauth
  - grpclog
  - internal
  - metadata
  - naming
  - peer
  - stats
  - tap
  - transport
testImports: []
